
Microsoft Visual Studio Solution File, Format Version 12.00
# Visual Studio Version 17
VisualStudioVersion = 17.8.34525.116
MinimumVisualStudioVersion = 10.0.40219.1
Project("{FAE04EC0-301F-11D3-BF4B-00C04F79EFBC}") = "GreenSaleMVC", "GreenSaleMVC\GreenSaleMVC.csproj", "{C0845D05-BFD3-42EE-86AA-50E6C6D45A2C}"
EndProject
Global
	GlobalSection(SolutionConfigurationPlatforms) = preSolution
		Debug|Any CPU = Debug|Any CPU
		Release|Any CPU = Release|Any CPU
	EndGlobalSection
	GlobalSection(ProjectConfigurationPlatforms) = postSolution
		{C0845D05-BFD3-42EE-86AA-50E6C6D45A2C}.Debug|Any CPU.ActiveCfg = Debug|Any CPU
		{C0845D05-BFD3-42EE-86AA-50E6C6D45A2C}.Debug|Any CPU.Build.0 = Debug|Any CPU
		{C0845D05-BFD3-42EE-86AA-50E6C6D45A2C}.Release|Any CPU.ActiveCfg = Release|Any CPU
		{C0845D05-BFD3-42EE-86AA-50E6C6D45A2C}.Release|Any CPU.Build.0 = Release|Any CPU
	EndGlobalSection
	GlobalSection(SolutionProperties) = preSolution
		HideSolutionNode = FALSE
	EndGlobalSection
	GlobalSection(ExtensibilityGlobals) = postSolution
		SolutionGuid = {B27EE9BC-C4C2-4CCD-9A27-B72FCBF494F6}
	EndGlobalSection
EndGlobal
